
Microsoft Visual Studio Solution File, Format Version 12.00
# Visual Studio 15
VisualStudioVersion = 15.0.28307.705
MinimumVisualStudioVersion = 10.0.40219.1
Project("{FAE04EC0-301F-11D3-BF4B-00C04F79EFBC}") = "KruskalVisualize", "KruskalVisualize\KruskalVisualize.csproj", "{239062E2-C54C-407F-BFE4-638150E5849A}"
EndProject
Global
	GlobalSection(SolutionConfigurationPlatforms) = preSolution
		Debug|Any CPU = Debug|Any CPU
		Release|Any CPU = Release|Any CPU
	EndGlobalSection
	GlobalSection(ProjectConfigurationPlatforms) = postSolution
		{239062E2-C54C-407F-BFE4-638150E5849A}.Debug|Any CPU.ActiveCfg = Debug|Any CPU
		{239062E2-C54C-407F-BFE4-638150E5849A}.Debug|Any CPU.Build.0 = Debug|Any CPU
		{239062E2-C54C-407F-BFE4-638150E5849A}.Release|Any CPU.ActiveCfg = Release|Any CPU
		{239062E2-C54C-407F-BFE4-638150E5849A}.Release|Any CPU.Build.0 = Release|Any CPU
	EndGlobalSection
	GlobalSection(SolutionProperties) = preSolution
		HideSolutionNode = FALSE
	EndGlobalSection
	GlobalSection(ExtensibilityGlobals) = postSolution
		SolutionGuid = {408A7D8E-2865-4EA9-84D0-BF9A6B161EAE}
	EndGlobalSection
EndGlobal
